{
    "_readme": [
        "This is a placeholder composer.lock file.",
        "The actual lock file will be generated by `composer install` on first run.",
        "DO NOT edit this file manually - run `composer install` to generate the real one."
    ],
    "content-hash": "ubms-php83-qrcode4-no-nativephp",
    "packages": [],
    "packages-dev": [],
    "aliases": [],
    "minimum-stability": "stable",
    "stability-flags": [],
    "prefer-stable": true,
    "prefer-lowest": false,
    "platform": {
        "php": "^8.3",
        "ext-pdo": "*",
        "ext-pdo-sqlite": "*",
        "ext-mbstring": "*",
        "ext-xml": "*",
        "ext-curl": "*",
        "ext-zip": "*",
        "ext-gd": "*",
        "ext-intl": "*",
        "ext-bcmath": "*",
        "ext-fileinfo": "*",
        "ext-sqlite3": "*",
        "ext-openssl": "*"
    },
    "platform-dev": [],
    "platform-overrides": {
        "php": "8.3"
    },
    "plugin-api-version": "2.6.0"
}
